
Microsoft Visual Studio Solution File, Format Version 12.00
# Visual Studio Version 17
VisualStudioVersion = 17.7.34003.232
MinimumVisualStudioVersion = 10.0.40219.1
Project("{888888A0-9F3D-457C-B088-3A5042F75D52}") = "Python_Classes_&_Objects", "Python_Classes_&_Objects\Python_Classes_&_Objects.pyproj", "{EBD55B41-B286-45E3-8A56-28C0E8AFD42B}"
EndProject
Global
	GlobalSection(SolutionConfigurationPlatforms) = preSolution
		Debug|Any CPU = Debug|Any CPU
		Release|Any CPU = Release|Any CPU
	EndGlobalSection
	GlobalSection(ProjectConfigurationPlatforms) = postSolution
		{EBD55B41-B286-45E3-8A56-28C0E8AFD42B}.Debug|Any CPU.ActiveCfg = Debug|Any CPU
		{EBD55B41-B286-45E3-8A56-28C0E8AFD42B}.Release|Any CPU.ActiveCfg = Release|Any CPU
	EndGlobalSection
	GlobalSection(SolutionProperties) = preSolution
		HideSolutionNode = FALSE
	EndGlobalSection
	GlobalSection(ExtensibilityGlobals) = postSolution
		SolutionGuid = {442EACD4-A042-48D1-82A0-3CDC34E76683}
	EndGlobalSection
EndGlobal
