
Microsoft Visual Studio Solution File, Format Version 12.00
# Visual Studio Version 17
VisualStudioVersion = 17.7.34003.232
MinimumVisualStudioVersion = 10.0.40219.1
Project("{888888A0-9F3D-457C-B088-3A5042F75D52}") = "Python_NumberFunctions", "Python_NumberFunctions\Python_NumberFunctions.pyproj", "{82F33E21-6678-48B8-A9BD-1137889AC91C}"
EndProject
Global
	GlobalSection(SolutionConfigurationPlatforms) = preSolution
		Debug|Any CPU = Debug|Any CPU
		Release|Any CPU = Release|Any CPU
	EndGlobalSection
	GlobalSection(ProjectConfigurationPlatforms) = postSolution
		{82F33E21-6678-48B8-A9BD-1137889AC91C}.Debug|Any CPU.ActiveCfg = Debug|Any CPU
		{82F33E21-6678-48B8-A9BD-1137889AC91C}.Release|Any CPU.ActiveCfg = Release|Any CPU
	EndGlobalSection
	GlobalSection(SolutionProperties) = preSolution
		HideSolutionNode = FALSE
	EndGlobalSection
	GlobalSection(ExtensibilityGlobals) = postSolution
		SolutionGuid = {11A260EE-89EB-47CE-935A-BE543BD22956}
	EndGlobalSection
EndGlobal
