
Microsoft Visual Studio Solution File, Format Version 12.00
# Visual Studio Version 17
VisualStudioVersion = 17.7.34003.232
MinimumVisualStudioVersion = 10.0.40219.1
Project("{888888A0-9F3D-457C-B088-3A5042F75D52}") = "Python_Loops", "Python_Loops\Python_Loops.pyproj", "{B3BE324B-53A8-4C29-BE73-E7F3D77DE0F0}"
EndProject
Global
	GlobalSection(SolutionConfigurationPlatforms) = preSolution
		Debug|Any CPU = Debug|Any CPU
		Release|Any CPU = Release|Any CPU
	EndGlobalSection
	GlobalSection(ProjectConfigurationPlatforms) = postSolution
		{B3BE324B-53A8-4C29-BE73-E7F3D77DE0F0}.Debug|Any CPU.ActiveCfg = Debug|Any CPU
		{B3BE324B-53A8-4C29-BE73-E7F3D77DE0F0}.Release|Any CPU.ActiveCfg = Release|Any CPU
	EndGlobalSection
	GlobalSection(SolutionProperties) = preSolution
		HideSolutionNode = FALSE
	EndGlobalSection
	GlobalSection(ExtensibilityGlobals) = postSolution
		SolutionGuid = {96224EF7-A926-4456-9CF7-AFB6F018A864}
	EndGlobalSection
EndGlobal
